
Microsoft Visual Studio Solution File, Format Version 12.00
# Visual Studio 15
VisualStudioVersion = 15.0.27428.2015
MinimumVisualStudioVersion = 10.0.40219.1
Project("{2150E333-8FDC-42A3-9474-1A3956D46DE8}") = "Solution Items", "Solution Items", "{1F807F9F-DD3D-444A-8FE9-CB41AC56F0B4}"
	ProjectSection(SolutionItems) = preProject
		angular.js = angular.js
		app.js = app.js
		index.html = index.html
	EndProjectSection
EndProject
Global
	GlobalSection(SolutionProperties) = preSolution
		HideSolutionNode = FALSE
	EndGlobalSection
	GlobalSection(ExtensibilityGlobals) = postSolution
		SolutionGuid = {D2A1948E-E5F5-4FC8-BB4C-980C15EAFDBB}
	EndGlobalSection
EndGlobal
